
Microsoft Visual Studio Solution File, Format Version 12.00
# Visual Studio Version 17
VisualStudioVersion = 17.6.33801.468
MinimumVisualStudioVersion = 10.0.40219.1
Project("{FAE04EC0-301F-11D3-BF4B-00C04F79EFBC}") = "web-api-LearnDemo", "web-api-LearnDemo\web-api-LearnDemo.csproj", "{52BE0513-99AD-43A4-B229-E28F2A0849EB}"
EndProject
Global
	GlobalSection(SolutionConfigurationPlatforms) = preSolution
		Debug|Any CPU = Debug|Any CPU
		Release|Any CPU = Release|Any CPU
	EndGlobalSection
	GlobalSection(ProjectConfigurationPlatforms) = postSolution
		{52BE0513-99AD-43A4-B229-E28F2A0849EB}.Debug|Any CPU.ActiveCfg = Debug|Any CPU
		{52BE0513-99AD-43A4-B229-E28F2A0849EB}.Debug|Any CPU.Build.0 = Debug|Any CPU
		{52BE0513-99AD-43A4-B229-E28F2A0849EB}.Release|Any CPU.ActiveCfg = Release|Any CPU
		{52BE0513-99AD-43A4-B229-E28F2A0849EB}.Release|Any CPU.Build.0 = Release|Any CPU
	EndGlobalSection
	GlobalSection(SolutionProperties) = preSolution
		HideSolutionNode = FALSE
	EndGlobalSection
	GlobalSection(ExtensibilityGlobals) = postSolution
		SolutionGuid = {C6D34409-AF27-4C90-9A14-94C13AB69470}
	EndGlobalSection
EndGlobal
